
Microsoft Visual Studio Solution File, Format Version 12.00
# Visual Studio Version 17
VisualStudioVersion = 17.14.36414.22 d17.14
MinimumVisualStudioVersion = 10.0.40219.1
Project("{FAE04EC0-301F-11D3-BF4B-00C04F79EFBC}") = "Laboratorio5-1", "Laboratorio5\Laboratorio5-1.csproj", "{3C74C2B9-5322-4125-8F58-B3F52B72D92C}"
EndProject
Global
	GlobalSection(SolutionConfigurationPlatforms) = preSolution
		Debug|Any CPU = Debug|Any CPU
		Release|Any CPU = Release|Any CPU
	EndGlobalSection
	GlobalSection(ProjectConfigurationPlatforms) = postSolution
		{3C74C2B9-5322-4125-8F58-B3F52B72D92C}.Debug|Any CPU.ActiveCfg = Debug|Any CPU
		{3C74C2B9-5322-4125-8F58-B3F52B72D92C}.Debug|Any CPU.Build.0 = Debug|Any CPU
		{3C74C2B9-5322-4125-8F58-B3F52B72D92C}.Release|Any CPU.ActiveCfg = Release|Any CPU
		{3C74C2B9-5322-4125-8F58-B3F52B72D92C}.Release|Any CPU.Build.0 = Release|Any CPU
	EndGlobalSection
	GlobalSection(SolutionProperties) = preSolution
		HideSolutionNode = FALSE
	EndGlobalSection
	GlobalSection(ExtensibilityGlobals) = postSolution
		SolutionGuid = {8C6AB815-51E0-49A9-9564-1B9F20E6596E}
	EndGlobalSection
EndGlobal
