
Microsoft Visual Studio Solution File, Format Version 12.00
# Visual Studio Version 17
VisualStudioVersion = 17.14.36414.22 d17.14
MinimumVisualStudioVersion = 10.0.40219.1
Project("{FAE04EC0-301F-11D3-BF4B-00C04F79EFBC}") = "Laboratorio91", "Laboratorio91.csproj", "{4507C282-5875-471D-856C-CBA70D4F221D}"
EndProject
Global
	GlobalSection(SolutionConfigurationPlatforms) = preSolution
		Debug|Any CPU = Debug|Any CPU
		Release|Any CPU = Release|Any CPU
	EndGlobalSection
	GlobalSection(ProjectConfigurationPlatforms) = postSolution
		{4507C282-5875-471D-856C-CBA70D4F221D}.Debug|Any CPU.ActiveCfg = Debug|Any CPU
		{4507C282-5875-471D-856C-CBA70D4F221D}.Debug|Any CPU.Build.0 = Debug|Any CPU
		{4507C282-5875-471D-856C-CBA70D4F221D}.Release|Any CPU.ActiveCfg = Release|Any CPU
		{4507C282-5875-471D-856C-CBA70D4F221D}.Release|Any CPU.Build.0 = Release|Any CPU
	EndGlobalSection
	GlobalSection(SolutionProperties) = preSolution
		HideSolutionNode = FALSE
	EndGlobalSection
	GlobalSection(ExtensibilityGlobals) = postSolution
		SolutionGuid = {09301F98-D579-42CC-85CB-42A53F04073D}
	EndGlobalSection
EndGlobal
