
Microsoft Visual Studio Solution File, Format Version 12.00
# Visual Studio Version 17
VisualStudioVersion = 17.14.36414.22 d17.14
MinimumVisualStudioVersion = 10.0.40219.1
Project("{FAE04EC0-301F-11D3-BF4B-00C04F79EFBC}") = "Laboratorio6-1", "Laboratorio6\Laboratorio6-1.csproj", "{491EA53A-FB18-47F2-8A81-054E14D609B5}"
EndProject
Global
	GlobalSection(SolutionConfigurationPlatforms) = preSolution
		Debug|Any CPU = Debug|Any CPU
		Release|Any CPU = Release|Any CPU
	EndGlobalSection
	GlobalSection(ProjectConfigurationPlatforms) = postSolution
		{491EA53A-FB18-47F2-8A81-054E14D609B5}.Debug|Any CPU.ActiveCfg = Debug|Any CPU
		{491EA53A-FB18-47F2-8A81-054E14D609B5}.Debug|Any CPU.Build.0 = Debug|Any CPU
		{491EA53A-FB18-47F2-8A81-054E14D609B5}.Release|Any CPU.ActiveCfg = Release|Any CPU
		{491EA53A-FB18-47F2-8A81-054E14D609B5}.Release|Any CPU.Build.0 = Release|Any CPU
	EndGlobalSection
	GlobalSection(SolutionProperties) = preSolution
		HideSolutionNode = FALSE
	EndGlobalSection
	GlobalSection(ExtensibilityGlobals) = postSolution
		SolutionGuid = {58B3764C-2F57-4CEC-9A99-3BDDBD4A4EF5}
	EndGlobalSection
EndGlobal
