
Microsoft Visual Studio Solution File, Format Version 12.00
# Visual Studio Version 17
VisualStudioVersion = 17.14.36414.22
MinimumVisualStudioVersion = 10.0.40219.1
Project("{FAE04EC0-301F-11D3-BF4B-00C04F79EFBC}") = "Laboratorio12-1", "Laboratorio12-1\Laboratorio12-1.csproj", "{10D4F6F8-58CE-4D27-AAF7-9B364BCBEB17}"
EndProject
Project("{FAE04EC0-301F-11D3-BF4B-00C04F79EFBC}") = "Laboratorio 12-2", "Laboratorio 12-2\Laboratorio 12-2.csproj", "{1998CE62-F1AF-4AD1-8BCA-55390469EAF9}"
EndProject
Project("{FAE04EC0-301F-11D3-BF4B-00C04F79EFBC}") = "Laboratorio 12-3", "Laboratorio 12-3\Laboratorio 12-3.csproj", "{17AC25D3-5507-4DA5-9525-04BC3A630511}"
EndProject
Global
	GlobalSection(SolutionConfigurationPlatforms) = preSolution
		Debug|Any CPU = Debug|Any CPU
		Release|Any CPU = Release|Any CPU
	EndGlobalSection
	GlobalSection(ProjectConfigurationPlatforms) = postSolution
		{10D4F6F8-58CE-4D27-AAF7-9B364BCBEB17}.Debug|Any CPU.ActiveCfg = Debug|Any CPU
		{10D4F6F8-58CE-4D27-AAF7-9B364BCBEB17}.Debug|Any CPU.Build.0 = Debug|Any CPU
		{10D4F6F8-58CE-4D27-AAF7-9B364BCBEB17}.Release|Any CPU.ActiveCfg = Release|Any CPU
		{10D4F6F8-58CE-4D27-AAF7-9B364BCBEB17}.Release|Any CPU.Build.0 = Release|Any CPU
		{1998CE62-F1AF-4AD1-8BCA-55390469EAF9}.Debug|Any CPU.ActiveCfg = Debug|Any CPU
		{1998CE62-F1AF-4AD1-8BCA-55390469EAF9}.Debug|Any CPU.Build.0 = Debug|Any CPU
		{1998CE62-F1AF-4AD1-8BCA-55390469EAF9}.Release|Any CPU.ActiveCfg = Release|Any CPU
		{1998CE62-F1AF-4AD1-8BCA-55390469EAF9}.Release|Any CPU.Build.0 = Release|Any CPU
		{17AC25D3-5507-4DA5-9525-04BC3A630511}.Debug|Any CPU.ActiveCfg = Debug|Any CPU
		{17AC25D3-5507-4DA5-9525-04BC3A630511}.Debug|Any CPU.Build.0 = Debug|Any CPU
		{17AC25D3-5507-4DA5-9525-04BC3A630511}.Release|Any CPU.ActiveCfg = Release|Any CPU
		{17AC25D3-5507-4DA5-9525-04BC3A630511}.Release|Any CPU.Build.0 = Release|Any CPU
	EndGlobalSection
	GlobalSection(SolutionProperties) = preSolution
		HideSolutionNode = FALSE
	EndGlobalSection
	GlobalSection(ExtensibilityGlobals) = postSolution
		SolutionGuid = {B525E4BD-65A8-4337-ABDF-3353DC4B2982}
	EndGlobalSection
EndGlobal
