
Microsoft Visual Studio Solution File, Format Version 12.00
# Visual Studio Version 17
VisualStudioVersion = 17.14.36414.22 d17.14
MinimumVisualStudioVersion = 10.0.40219.1
Project("{FAE04EC0-301F-11D3-BF4B-00C04F79EFBC}") = "Laboratorio21", "Laboratorio21\Laboratorio21.csproj", "{CC333DEE-4121-410C-B7D0-7C0E465EFBFF}"
EndProject
Global
	GlobalSection(SolutionConfigurationPlatforms) = preSolution
		Debug|Any CPU = Debug|Any CPU
		Release|Any CPU = Release|Any CPU
	EndGlobalSection
	GlobalSection(ProjectConfigurationPlatforms) = postSolution
		{CC333DEE-4121-410C-B7D0-7C0E465EFBFF}.Debug|Any CPU.ActiveCfg = Debug|Any CPU
		{CC333DEE-4121-410C-B7D0-7C0E465EFBFF}.Debug|Any CPU.Build.0 = Debug|Any CPU
		{CC333DEE-4121-410C-B7D0-7C0E465EFBFF}.Release|Any CPU.ActiveCfg = Release|Any CPU
		{CC333DEE-4121-410C-B7D0-7C0E465EFBFF}.Release|Any CPU.Build.0 = Release|Any CPU
	EndGlobalSection
	GlobalSection(SolutionProperties) = preSolution
		HideSolutionNode = FALSE
	EndGlobalSection
	GlobalSection(ExtensibilityGlobals) = postSolution
		SolutionGuid = {45F47130-CD91-411E-9992-5DD7713353CB}
	EndGlobalSection
EndGlobal
