
Microsoft Visual Studio Solution File, Format Version 12.00
# Visual Studio Version 17
VisualStudioVersion = 17.14.36414.22 d17.14
MinimumVisualStudioVersion = 10.0.40219.1
Project("{FAE04EC0-301F-11D3-BF4B-00C04F79EFBC}") = "Laboratorio2", "Laboratorio2\Laboratorio2.csproj", "{3C355178-DDA1-436D-B3FE-75968CF78134}"
EndProject
Global
	GlobalSection(SolutionConfigurationPlatforms) = preSolution
		Debug|Any CPU = Debug|Any CPU
		Release|Any CPU = Release|Any CPU
	EndGlobalSection
	GlobalSection(ProjectConfigurationPlatforms) = postSolution
		{3C355178-DDA1-436D-B3FE-75968CF78134}.Debug|Any CPU.ActiveCfg = Debug|Any CPU
		{3C355178-DDA1-436D-B3FE-75968CF78134}.Debug|Any CPU.Build.0 = Debug|Any CPU
		{3C355178-DDA1-436D-B3FE-75968CF78134}.Release|Any CPU.ActiveCfg = Release|Any CPU
		{3C355178-DDA1-436D-B3FE-75968CF78134}.Release|Any CPU.Build.0 = Release|Any CPU
	EndGlobalSection
	GlobalSection(SolutionProperties) = preSolution
		HideSolutionNode = FALSE
	EndGlobalSection
	GlobalSection(ExtensibilityGlobals) = postSolution
		SolutionGuid = {843B551E-2314-4489-8BB1-6F6BD4093635}
	EndGlobalSection
EndGlobal
